// !$*UTF8*$!
{
	archiveVersion = 1;
	classes = {
	};
	objectVersion = 55;
	objects = {

/* Begin PBXBuildFile section */
		09135ED028DB551900D47CA6 /* AppDelegate.swift in Sources */ = {isa = PBXBuildFile; fileRef = 09135ECF28DB551900D47CA6 /* AppDelegate.swift */; };
		09135ED228DB551900D47CA6 /* SceneDelegate.swift in Sources */ = {isa = PBXBuildFile; fileRef = 09135ED128DB551900D47CA6 /* SceneDelegate.swift */; };
		09135ED428DB551900D47CA6 /* ViewController.swift in Sources */ = {isa = PBXBuildFile; fileRef = 09135ED328DB551900D47CA6 /* ViewController.swift */; };
		09135ED728DB551900D47CA6 /* Main.storyboard in Resources */ = {isa = PBXBuildFile; fileRef = 09135ED528DB551900D47CA6 /* Main.storyboard */; };
		09135ED928DB551C00D47CA6 /* Assets.xcassets in Resources */ = {isa = PBXBuildFile; fileRef = 09135ED828DB551C00D47CA6 /* Assets.xcassets */; };
		09135EDC28DB551C00D47CA6 /* LaunchScreen.storyboard in Resources */ = {isa = PBXBuildFile; fileRef = 09135EDA28DB551C00D47CA6 /* LaunchScreen.storyboard */; };
		09E9E92228E2C857003FAE07 /* обувь2.jpeg in Resources */ = {isa = PBXBuildFile; fileRef = 09E9E91F28E2C857003FAE07 /* обувь2.jpeg */; };
		09E9E92328E2C857003FAE07 /* обувь3.jpeg in Resources */ = {isa = PBXBuildFile; fileRef = 09E9E92028E2C857003FAE07 /* обувь3.jpeg */; };
		09E9E92528E2CA88003FAE07 /* обувь1.jpeg in Resources */ = {isa = PBXBuildFile; fileRef = 09E9E92428E2CA88003FAE07 /* обувь1.jpeg */; };
		09E9E92928E2D34B003FAE07 /* RegistrationViewController.swift in Sources */ = {isa = PBXBuildFile; fileRef = 09E9E92828E2D34B003FAE07 /* RegistrationViewController.swift */; };
		09E9E92B28E2D38C003FAE07 /* ScoreViewController.swift in Sources */ = {isa = PBXBuildFile; fileRef = 09E9E92A28E2D38C003FAE07 /* ScoreViewController.swift */; };
		09E9E92D28E2D3D0003FAE07 /* CartViewController.swift in Sources */ = {isa = PBXBuildFile; fileRef = 09E9E92C28E2D3D0003FAE07 /* CartViewController.swift */; };
		09E9E92F28E2D4A9003FAE07 /* Item.swift in Sources */ = {isa = PBXBuildFile; fileRef = 09E9E92E28E2D4A9003FAE07 /* Item.swift */; };
		09E9E93228E2E4A4003FAE07 /* DonGraffiti.otf in Resources */ = {isa = PBXBuildFile; fileRef = 09E9E93128E2E4A4003FAE07 /* DonGraffiti.otf */; };
/* End PBXBuildFile section */

/* Begin PBXFileReference section */
		09135ECC28DB551900D47CA6 /* UIKitDZMain.app */ = {isa = PBXFileReference; explicitFileType = wrapper.application; includeInIndex = 0; path = UIKitDZMain.app; sourceTree = BUILT_PRODUCTS_DIR; };
		09135ECF28DB551900D47CA6 /* AppDelegate.swift */ = {isa = PBXFileReference; lastKnownFileType = sourcecode.swift; path = AppDelegate.swift; sourceTree = "<group>"; };
		09135ED128DB551900D47CA6 /* SceneDelegate.swift */ = {isa = PBXFileReference; lastKnownFileType = sourcecode.swift; path = SceneDelegate.swift; sourceTree = "<group>"; };
		09135ED328DB551900D47CA6 /* ViewController.swift */ = {isa = PBXFileReference; lastKnownFileType = sourcecode.swift; path = ViewController.swift; sourceTree = "<group>"; };
		09135ED628DB551900D47CA6 /* Base */ = {isa = PBXFileReference; lastKnownFileType = file.storyboard; name = Base; path = Base.lproj/Main.storyboard; sourceTree = "<group>"; };
		09135ED828DB551C00D47CA6 /* Assets.xcassets */ = {isa = PBXFileReference; lastKnownFileType = folder.assetcatalog; path = Assets.xcassets; sourceTree = "<group>"; };
		09135EDB28DB551C00D47CA6 /* Base */ = {isa = PBXFileReference; lastKnownFileType = file.storyboard; name = Base; path = Base.lproj/LaunchScreen.storyboard; sourceTree = "<group>"; };
		09135EDD28DB551C00D47CA6 /* Info.plist */ = {isa = PBXFileReference; lastKnownFileType = text.plist.xml; path = Info.plist; sourceTree = "<group>"; };
		09E9E91F28E2C857003FAE07 /* обувь2.jpeg */ = {isa = PBXFileReference; lastKnownFileType = image.jpeg; path = "обувь2.jpeg"; sourceTree = "<group>"; };
		09E9E92028E2C857003FAE07 /* обувь3.jpeg */ = {isa = PBXFileReference; lastKnownFileType = image.jpeg; path = "обувь3.jpeg"; sourceTree = "<group>"; };
		09E9E92428E2CA88003FAE07 /* обувь1.jpeg */ = {isa = PBXFileReference; lastKnownFileType = image.jpeg; path = "обувь1.jpeg"; sourceTree = "<group>"; };
		09E9E92828E2D34B003FAE07 /* RegistrationViewController.swift */ = {isa = PBXFileReference; lastKnownFileType = sourcecode.swift; path = RegistrationViewController.swift; sourceTree = "<group>"; };
		09E9E92A28E2D38C003FAE07 /* ScoreViewController.swift */ = {isa = PBXFileReference; lastKnownFileType = sourcecode.swift; path = ScoreViewController.swift; sourceTree = "<group>"; };
		09E9E92C28E2D3D0003FAE07 /* CartViewController.swift */ = {isa = PBXFileReference; lastKnownFileType = sourcecode.swift; path = CartViewController.swift; sourceTree = "<group>"; };
		09E9E92E28E2D4A9003FAE07 /* Item.swift */ = {isa = PBXFileReference; lastKnownFileType = sourcecode.swift; path = Item.swift; sourceTree = "<group>"; };
		09E9E93128E2E4A4003FAE07 /* DonGraffiti.otf */ = {isa = PBXFileReference; lastKnownFileType = file; path = DonGraffiti.otf; sourceTree = "<group>"; };
/* End PBXFileReference section */

/* Begin PBXFrameworksBuildPhase section */
		09135EC928DB551900D47CA6 /* Frameworks */ = {
			isa = PBXFrameworksBuildPhase;
			buildActionMask = 2147483647;
			files = (
			);
			runOnlyForDeploymentPostprocessing = 0;
		};
/* End PBXFrameworksBuildPhase section */

/* Begin PBXGroup section */
		09135EC328DB551900D47CA6 = {
			isa = PBXGroup;
			children = (
				09135ECE28DB551900D47CA6 /* UIKitDZMain */,
				09135ECD28DB551900D47CA6 /* Products */,
			);
			sourceTree = "<group>";
		};
		09135ECD28DB551900D47CA6 /* Products */ = {
			isa = PBXGroup;
			children = (
				09135ECC28DB551900D47CA6 /* UIKitDZMain.app */,
			);
			name = Products;
			sourceTree = "<group>";
		};
		09135ECE28DB551900D47CA6 /* UIKitDZMain */ = {
			isa = PBXGroup;
			children = (
				09135ECF28DB551900D47CA6 /* AppDelegate.swift */,
				09135ED128DB551900D47CA6 /* SceneDelegate.swift */,
				09135ED328DB551900D47CA6 /* ViewController.swift */,
				09E9E92728E2CF43003FAE07 /* ViewController */,
				09E9E92628E2CF3D003FAE07 /* Model */,
				09135ED528DB551900D47CA6 /* Main.storyboard */,
				09135ED828DB551C00D47CA6 /* Assets.xcassets */,
				09135EDA28DB551C00D47CA6 /* LaunchScreen.storyboard */,
				09135EDD28DB551C00D47CA6 /* Info.plist */,
				09E9E93028E2E481003FAE07 /* Fonts */,
				09E9E92428E2CA88003FAE07 /* обувь1.jpeg */,
				09E9E91F28E2C857003FAE07 /* обувь2.jpeg */,
				09E9E92028E2C857003FAE07 /* обувь3.jpeg */,
			);
			path = UIKitDZMain;
			sourceTree = "<group>";
		};
		09E9E92628E2CF3D003FAE07 /* Model */ = {
			isa = PBXGroup;
			children = (
				09E9E92E28E2D4A9003FAE07 /* Item.swift */,
			);
			path = Model;
			sourceTree = "<group>";
		};
		09E9E92728E2CF43003FAE07 /* ViewController */ = {
			isa = PBXGroup;
			children = (
				09E9E92828E2D34B003FAE07 /* RegistrationViewController.swift */,
				09E9E92A28E2D38C003FAE07 /* ScoreViewController.swift */,
				09E9E92C28E2D3D0003FAE07 /* CartViewController.swift */,
			);
			path = ViewController;
			sourceTree = "<group>";
		};
		09E9E93028E2E481003FAE07 /* Fonts */ = {
			isa = PBXGroup;
			children = (
				09E9E93128E2E4A4003FAE07 /* DonGraffiti.otf */,
			);
			path = Fonts;
			sourceTree = "<group>";
		};
/* End PBXGroup section */

/* Begin PBXNativeTarget section */
		09135ECB28DB551900D47CA6 /* UIKitDZMain */ = {
			isa = PBXNativeTarget;
			buildConfigurationList = 09135EE028DB551C00D47CA6 /* Build configuration list for PBXNativeTarget "UIKitDZMain" */;
			buildPhases = (
				09EDC43C28DB96EF0076638C /* SwiftLint */,
				09135EC828DB551900D47CA6 /* Sources */,
				09135EC928DB551900D47CA6 /* Frameworks */,
				09135ECA28DB551900D47CA6 /* Resources */,
			);
			buildRules = (
			);
			dependencies = (
			);
			name = UIKitDZMain;
			productName = UIKitDZMain;
			productReference = 09135ECC28DB551900D47CA6 /* UIKitDZMain.app */;
			productType = "com.apple.product-type.application";
		};
/* End PBXNativeTarget section */

/* Begin PBXProject section */
		09135EC428DB551900D47CA6 /* Project object */ = {
			isa = PBXProject;
			attributes = {
				BuildIndependentTargetsInParallel = 1;
				LastSwiftUpdateCheck = 1310;
				LastUpgradeCheck = 1310;
				TargetAttributes = {
					09135ECB28DB551900D47CA6 = {
						CreatedOnToolsVersion = 13.1;
					};
				};
			};
			buildConfigurationList = 09135EC728DB551900D47CA6 /* Build configuration list for PBXProject "UIKitDZMain" */;
			compatibilityVersion = "Xcode 13.0";
			developmentRegion = en;
			hasScannedForEncodings = 0;
			knownRegions = (
				en,
				Base,
			);
			mainGroup = 09135EC328DB551900D47CA6;
			productRefGroup = 09135ECD28DB551900D47CA6 /* Products */;
			projectDirPath = "";
			projectRoot = "";
			targets = (
				09135ECB28DB551900D47CA6 /* UIKitDZMain */,
			);
		};
/* End PBXProject section */

/* Begin PBXResourcesBuildPhase section */
		09135ECA28DB551900D47CA6 /* Resources */ = {
			isa = PBXResourcesBuildPhase;
			buildActionMask = 2147483647;
			files = (
				09E9E92528E2CA88003FAE07 /* обувь1.jpeg in Resources */,
				09135EDC28DB551C00D47CA6 /* LaunchScreen.storyboard in Resources */,
				09E9E92328E2C857003FAE07 /* обувь3.jpeg in Resources */,
				09135ED928DB551C00D47CA6 /* Assets.xcassets in Resources */,
				09E9E93228E2E4A4003FAE07 /* DonGraffiti.otf in Resources */,
				09E9E92228E2C857003FAE07 /* обувь2.jpeg in Resources */,
				09135ED728DB551900D47CA6 /* Main.storyboard in Resources */,
			);
			runOnlyForDeploymentPostprocessing = 0;
		};
/* End PBXResourcesBuildPhase section */

/* Begin PBXShellScriptBuildPhase section */
		09EDC43C28DB96EF0076638C /* SwiftLint */ = {
			isa = PBXShellScriptBuildPhase;
			buildActionMask = 2147483647;
			files = (
			);
			inputFileListPaths = (
			);
			inputPaths = (
			);
			name = SwiftLint;
			outputFileListPaths = (
			);
			outputPaths = (
			);
			runOnlyForDeploymentPostprocessing = 0;
			shellPath = /bin/sh;
			shellScript = "export PATH=\"$PATH:/opt/homebrew/bin\"\nif which swiftlint > /dev/null; then\n  swiftlint\nelse\n  echo \"warning: SwiftLint not installed, download from https://github.com/realm/SwiftLint\"\nfi\n";
		};
/* End PBXShellScriptBuildPhase section */

/* Begin PBXSourcesBuildPhase section */
		09135EC828DB551900D47CA6 /* Sources */ = {
			isa = PBXSourcesBuildPhase;
			buildActionMask = 2147483647;
			files = (
				09135ED428DB551900D47CA6 /* ViewController.swift in Sources */,
				09135ED028DB551900D47CA6 /* AppDelegate.swift in Sources */,
				09E9E92B28E2D38C003FAE07 /* ScoreViewController.swift in Sources */,
				09E9E92928E2D34B003FAE07 /* RegistrationViewController.swift in Sources */,
				09E9E92F28E2D4A9003FAE07 /* Item.swift in Sources */,
				09E9E92D28E2D3D0003FAE07 /* CartViewController.swift in Sources */,
				09135ED228DB551900D47CA6 /* SceneDelegate.swift in Sources */,
			);
			runOnlyForDeploymentPostprocessing = 0;
		};
/* End PBXSourcesBuildPhase section */

/* Begin PBXVariantGroup section */
		09135ED528DB551900D47CA6 /* Main.storyboard */ = {
			isa = PBXVariantGroup;
			children = (
				09135ED628DB551900D47CA6 /* Base */,
			);
			name = Main.storyboard;
			sourceTree = "<group>";
		};
		09135EDA28DB551C00D47CA6 /* LaunchScreen.storyboard */ = {
			isa = PBXVariantGroup;
			children = (
				09135EDB28DB551C00D47CA6 /* Base */,
			);
			name = LaunchScreen.storyboard;
			sourceTree = "<group>";
		};
/* End PBXVariantGroup section */

/* Begin XCBuildConfiguration section */
		09135EDE28DB551C00D47CA6 /* Debug */ = {
			isa = XCBuildConfiguration;
			buildSettings = {
				ALWAYS_SEARCH_USER_PATHS = NO;
				CLANG_ANALYZER_NONNULL = YES;
				CLANG_ANALYZER_NUMBER_OBJECT_CONVERSION = YES_AGGRESSIVE;
				CLANG_CXX_LANGUAGE_STANDARD = "gnu++17";
				CLANG_CXX_LIBRARY = "libc++";
				CLANG_ENABLE_MODULES = YES;
				CLANG_ENABLE_OBJC_ARC = YES;
				CLANG_ENABLE_OBJC_WEAK = YES;
				CLANG_WARN_BLOCK_CAPTURE_AUTORELEASING = YES;
				CLANG_WARN_BOOL_CONVERSION = YES;
				CLANG_WARN_COMMA = YES;
				CLANG_WARN_CONSTANT_CONVERSION = YES;
				CLANG_WARN_DEPRECATED_OBJC_IMPLEMENTATIONS = YES;
				CLANG_WARN_DIRECT_OBJC_ISA_USAGE = YES_ERROR;
				CLANG_WARN_DOCUMENTATION_COMMENTS = YES;
				CLANG_WARN_EMPTY_BODY = YES;
				CLANG_WARN_ENUM_CONVERSION = YES;
				CLANG_WARN_INFINITE_RECURSION = YES;
				CLANG_WARN_INT_CONVERSION = YES;
				CLANG_WARN_NON_LITERAL_NULL_CONVERSION = YES;
				CLANG_WARN_OBJC_IMPLICIT_RETAIN_SELF = YES;
				CLANG_WARN_OBJC_LITERAL_CONVERSION = YES;
				CLANG_WARN_OBJC_ROOT_CLASS = YES_ERROR;
				CLANG_WARN_QUOTED_INCLUDE_IN_FRAMEWORK_HEADER = YES;
				CLANG_WARN_RANGE_LOOP_ANALYSIS = YES;
				CLANG_WARN_STRICT_PROTOTYPES = YES;
				CLANG_WARN_SUSPICIOUS_MOVE = YES;
				CLANG_WARN_UNGUARDED_AVAILABILITY = YES_AGGRESSIVE;
				CLANG_WARN_UNREACHABLE_CODE = YES;
				CLANG_WARN__DUPLICATE_METHOD_MATCH = YES;
				COPY_PHASE_STRIP = NO;
				DEBUG_INFORMATION_FORMAT = dwarf;
				ENABLE_STRICT_OBJC_MSGSEND = YES;
				ENABLE_TESTABILITY = YES;
				GCC_C_LANGUAGE_STANDARD = gnu11;
				GCC_DYNAMIC_NO_PIC = NO;
				GCC_NO_COMMON_BLOCKS = YES;
				GCC_OPTIMIZATION_LEVEL = 0;
				GCC_PREPROCESSOR_DEFINITIONS = (
					"DEBUG=1",
					"$(inherited)",
				);
				GCC_WARN_64_TO_32_BIT_CONVERSION = YES;
				GCC_WARN_ABOUT_RETURN_TYPE = YES_ERROR;
				GCC_WARN_UNDECLARED_SELECTOR = YES;
				GCC_WARN_UNINITIALIZED_AUTOS = YES_AGGRESSIVE;
				GCC_WARN_UNUSED_FUNCTION = YES;
				GCC_WARN_UNUSED_VARIABLE = YES;
				IPHONEOS_DEPLOYMENT_TARGET = 16.0;
				MTL_ENABLE_DEBUG_INFO = INCLUDE_SOURCE;
				MTL_FAST_MATH = YES;
				ONLY_ACTIVE_ARCH = YES;
				SDKROOT = iphoneos;
				SWIFT_ACTIVE_COMPILATION_CONDITIONS = DEBUG;
				SWIFT_OPTIMIZATION_LEVEL = "-Onone";
			};
			name = Debug;
		};
		09135EDF28DB551C00D47CA6 /* Release */ = {
			isa = XCBuildConfiguration;
			buildSettings = {
				ALWAYS_SEARCH_USER_PATHS = NO;
				CLANG_ANALYZER_NONNULL = YES;
				CLANG_ANALYZER_NUMBER_OBJECT_CONVERSION = YES_AGGRESSIVE;
				CLANG_CXX_LANGUAGE_STANDARD = "gnu++17";
				CLANG_CXX_LIBRARY = "libc++";
				CLANG_ENABLE_MODULES = YES;
				CLANG_ENABLE_OBJC_ARC = YES;
				CLANG_ENABLE_OBJC_WEAK = YES;
				CLANG_WARN_BLOCK_CAPTURE_AUTORELEASING = YES;
				CLANG_WARN_BOOL_CONVERSION = YES;
				CLANG_WARN_COMMA = YES;
				CLANG_WARN_CONSTANT_CONVERSION = YES;
				CLANG_WARN_DEPRECATED_OBJC_IMPLEMENTATIONS = YES;
				CLANG_WARN_DIRECT_OBJC_ISA_USAGE = YES_ERROR;
				CLANG_WARN_DOCUMENTATION_COMMENTS = YES;
				CLANG_WARN_EMPTY_BODY = YES;
				CLANG_WARN_ENUM_CONVERSION = YES;
				CLANG_WARN_INFINITE_RECURSION = YES;
				CLANG_WARN_INT_CONVERSION = YES;
				CLANG_WARN_NON_LITERAL_NULL_CONVERSION = YES;
				CLANG_WARN_OBJC_IMPLICIT_RETAIN_SELF = YES;
				CLANG_WARN_OBJC_LITERAL_CONVERSION = YES;
				CLANG_WARN_OBJC_ROOT_CLASS = YES_ERROR;
				CLANG_WARN_QUOTED_INCLUDE_IN_FRAMEWORK_HEADER = YES;
				CLANG_WARN_RANGE_LOOP_ANALYSIS = YES;
				CLANG_WARN_STRICT_PROTOTYPES = YES;
				CLANG_WARN_SUSPICIOUS_MOVE = YES;
				CLANG_WARN_UNGUARDED_AVAILABILITY = YES_AGGRESSIVE;
				CLANG_WARN_UNREACHABLE_CODE = YES;
				CLANG_WARN__DUPLICATE_METHOD_MATCH = YES;
				COPY_PHASE_STRIP = NO;
				DEBUG_INFORMATION_FORMAT = "dwarf-with-dsym";
				ENABLE_NS_ASSERTIONS = NO;
				ENABLE_STRICT_OBJC_MSGSEND = YES;
				GCC_C_LANGUAGE_STANDARD = gnu11;
				GCC_NO_COMMON_BLOCKS = YES;
				GCC_WARN_64_TO_32_BIT_CONVERSION = YES;
				GCC_WARN_ABOUT_RETURN_TYPE = YES_ERROR;
				GCC_WARN_UNDECLARED_SELECTOR = YES;
				GCC_WARN_UNINITIALIZED_AUTOS = YES_AGGRESSIVE;
				GCC_WARN_UNUSED_FUNCTION = YES;
				GCC_WARN_UNUSED_VARIABLE = YES;
				IPHONEOS_DEPLOYMENT_TARGET = 16.0;
				MTL_ENABLE_DEBUG_INFO = NO;
				MTL_FAST_MATH = YES;
				SDKROOT = iphoneos;
				SWIFT_COMPILATION_MODE = wholemodule;
				SWIFT_OPTIMIZATION_LEVEL = "-O";
				VALIDATE_PRODUCT = YES;
			};
			name = Release;
		};
		09135EE128DB551C00D47CA6 /* Debug */ = {
			isa = XCBuildConfiguration;
			buildSettings = {
				ASSETCATALOG_COMPILER_APPICON_NAME = AppIcon;
				ASSETCATALOG_COMPILER_GLOBAL_ACCENT_COLOR_NAME = AccentColor;
				CODE_SIGN_STYLE = Automatic;
				CURRENT_PROJECT_VERSION = 1;
				DEVELOPMENT_TEAM = 3639YJ5CGC;
				GENERATE_INFOPLIST_FILE = YES;
				INFOPLIST_FILE = UIKitDZMain/Info.plist;
				INFOPLIST_KEY_UIApplicationSupportsIndirectInputEvents = YES;
				INFOPLIST_KEY_UILaunchStoryboardName = LaunchScreen;
				INFOPLIST_KEY_UIMainStoryboardFile = Main;
				INFOPLIST_KEY_UISupportedInterfaceOrientations_iPad = "UIInterfaceOrientationPortrait UIInterfaceOrientationPortraitUpsideDown UIInterfaceOrientationLandscapeLeft UIInterfaceOrientationLandscapeRight";
				INFOPLIST_KEY_UISupportedInterfaceOrientations_iPhone = "UIInterfaceOrientationPortrait UIInterfaceOrientationLandscapeLeft UIInterfaceOrientationLandscapeRight";
				LD_RUNPATH_SEARCH_PATHS = (
					"$(inherited)",
					"@executable_path/Frameworks",
				);
				MARKETING_VERSION = 1.0;
				PRODUCT_BUNDLE_IDENTIFIER = ilentiy.UIKitDZMain;
				PRODUCT_NAME = "$(TARGET_NAME)";
				SWIFT_EMIT_LOC_STRINGS = YES;
				SWIFT_VERSION = 5.0;
				TARGETED_DEVICE_FAMILY = "1,2";
			};
			name = Debug;
		};
		09135EE228DB551C00D47CA6 /* Release */ = {
			isa = XCBuildConfiguration;
			buildSettings = {
				ASSETCATALOG_COMPILER_APPICON_NAME = AppIcon;
				ASSETCATALOG_COMPILER_GLOBAL_ACCENT_COLOR_NAME = AccentColor;
				CODE_SIGN_STYLE = Automatic;
				CURRENT_PROJECT_VERSION = 1;
				DEVELOPMENT_TEAM = 3639YJ5CGC;
				GENERATE_INFOPLIST_FILE = YES;
				INFOPLIST_FILE = UIKitDZMain/Info.plist;
				INFOPLIST_KEY_UIApplicationSupportsIndirectInputEvents = YES;
				INFOPLIST_KEY_UILaunchStoryboardName = LaunchScreen;
				INFOPLIST_KEY_UIMainStoryboardFile = Main;
				INFOPLIST_KEY_UISupportedInterfaceOrientations_iPad = "UIInterfaceOrientationPortrait UIInterfaceOrientationPortraitUpsideDown UIInterfaceOrientationLandscapeLeft UIInterfaceOrientationLandscapeRight";
				INFOPLIST_KEY_UISupportedInterfaceOrientations_iPhone = "UIInterfaceOrientationPortrait UIInterfaceOrientationLandscapeLeft UIInterfaceOrientationLandscapeRight";
				LD_RUNPATH_SEARCH_PATHS = (
					"$(inherited)",
					"@executable_path/Frameworks",
				);
				MARKETING_VERSION = 1.0;
				PRODUCT_BUNDLE_IDENTIFIER = ilentiy.UIKitDZMain;
				PRODUCT_NAME = "$(TARGET_NAME)";
				SWIFT_EMIT_LOC_STRINGS = YES;
				SWIFT_VERSION = 5.0;
				TARGETED_DEVICE_FAMILY = "1,2";
			};
			name = Release;
		};
/* End XCBuildConfiguration section */

/* Begin XCConfigurationList section */
		09135EC728DB551900D47CA6 /* Build configuration list for PBXProject "UIKitDZMain" */ = {
			isa = XCConfigurationList;
			buildConfigurations = (
				09135EDE28DB551C00D47CA6 /* Debug */,
				09135EDF28DB551C00D47CA6 /* Release */,
			);
			defaultConfigurationIsVisible = 0;
			defaultConfigurationName = Release;
		};
		09135EE028DB551C00D47CA6 /* Build configuration list for PBXNativeTarget "UIKitDZMain" */ = {
			isa = XCConfigurationList;
			buildConfigurations = (
				09135EE128DB551C00D47CA6 /* Debug */,
				09135EE228DB551C00D47CA6 /* Release */,
			);
			defaultConfigurationIsVisible = 0;
			defaultConfigurationName = Release;
		};
/* End XCConfigurationList section */
	};
	rootObject = 09135EC428DB551900D47CA6 /* Project object */;
}
